{
  "name": "web",
  "lockfileVersion": 3,
  "requires": true,
  "packages": {
    "": {
      "dependencies": {
        "jquery": "^3.7.1",
        "naja": "^3.2.1"
      }
    },
    "node_modules/jquery": {
      "version": "3.7.1",
      "resolved": "https://registry.npmjs.org/jquery/-/jquery-3.7.1.tgz",
      "integrity": "sha512-m4avr8yL8kmFN8psrbFFFmB/If14iN5o9nw/NgnnM+kybDJpRsAynV2BsfpTYrTRysYUdADVD7CkUUizgkpLfg=="
    },
    "node_modules/naja": {
      "version": "3.2.1",
      "resolved": "https://registry.npmjs.org/naja/-/naja-3.2.1.tgz",
      "integrity": "sha512-Q2A9u7A4WA+pA/Nvsvq0hYk87wEULuPba0gj1IqEZ6JfJd7g0QHdiS+G6lBkY+CMzY2lM0V0E2zxwvpdBSyqBg=="
    }
  }
}
